
Microsoft Visual Studio Solution File, Format Version 12.00
# Visual Studio Version 17
VisualStudioVersion = 17.13.35806.99 d17.13
MinimumVisualStudioVersion = 10.0.40219.1
Project("{8BC9CEB8-8B4A-11D0-8D11-00A0C91BC942}") = "Tema", "Tema\Tema.vcxproj", "{12607BB2-CDE9-4F72-8608-B77F9EE22ED8}"
EndProject
Global
	GlobalSection(SolutionConfigurationPlatforms) = preSolution
		Debug|x64 = Debug|x64
		Debug|x86 = Debug|x86
		Release|x64 = Release|x64
		Release|x86 = Release|x86
	EndGlobalSection
	GlobalSection(ProjectConfigurationPlatforms) = postSolution
		{12607BB2-CDE9-4F72-8608-B77F9EE22ED8}.Debug|x64.ActiveCfg = Debug|x64
		{12607BB2-CDE9-4F72-8608-B77F9EE22ED8}.Debug|x64.Build.0 = Debug|x64
		{12607BB2-CDE9-4F72-8608-B77F9EE22ED8}.Debug|x86.ActiveCfg = Debug|Win32
		{12607BB2-CDE9-4F72-8608-B77F9EE22ED8}.Debug|x86.Build.0 = Debug|Win32
		{12607BB2-CDE9-4F72-8608-B77F9EE22ED8}.Release|x64.ActiveCfg = Release|x64
		{12607BB2-CDE9-4F72-8608-B77F9EE22ED8}.Release|x64.Build.0 = Release|x64
		{12607BB2-CDE9-4F72-8608-B77F9EE22ED8}.Release|x86.ActiveCfg = Release|Win32
		{12607BB2-CDE9-4F72-8608-B77F9EE22ED8}.Release|x86.Build.0 = Release|Win32
	EndGlobalSection
	GlobalSection(SolutionProperties) = preSolution
		HideSolutionNode = FALSE
	EndGlobalSection
	GlobalSection(ExtensibilityGlobals) = postSolution
		SolutionGuid = {F159FE1A-D0FD-4D43-BEBE-8D5D3B058F4D}
	EndGlobalSection
EndGlobal
